
Microsoft Visual Studio Solution File, Format Version 12.00
# Visual Studio Version 17
VisualStudioVersion = 17.11.35431.28
MinimumVisualStudioVersion = 10.0.40219.1
Project("{9A19103F-16F7-4668-BE54-9A1E7A4F7556}") = "DecChronoDSTranslator", "decompiled\DecChronoDSTranslator.csproj", "{FB8E5BE4-FBC7-40DD-83DF-6AFDF55D6B79}"
EndProject
Project("{FAE04EC0-301F-11D3-BF4B-00C04F79EFBC}") = "ChronoDSTranslator", "ChronoDSTranslator\ChronoDSTranslator.csproj", "{B0E20DA2-5DE0-4713-A3F5-4D9EBD68A878}"
EndProject
Project("{FAE04EC0-301F-11D3-BF4B-00C04F79EFBC}") = "SceneGate.Games.ChronoTriggerDs", "SceneGate.Games.ChronoTriggerDs\SceneGate.Games.ChronoTriggerDs.csproj", "{BE57A17A-1553-45B4-9911-6E9B67CED063}"
EndProject
Project("{FAE04EC0-301F-11D3-BF4B-00C04F79EFBC}") = "SceneGate.Games.ChronoTriggerDs.Tables.Core", "SceneGate.Games.ChronoTriggerDs.Tables.Core\SceneGate.Games.ChronoTriggerDs.Tables.Core.csproj", "{74C09861-B9C2-40D6-A413-AE3F53F9D9A9}"
EndProject
Project("{FAE04EC0-301F-11D3-BF4B-00C04F79EFBC}") = "SceneGate.Games.ChronoTriggerDs.Tables.LegacyTblFiles", "SceneGate.Games.ChronoTriggerDs.Tables.LegacyTblFiles\SceneGate.Games.ChronoTriggerDs.Tables.LegacyTblFiles.csproj", "{6B08B5B0-0B38-4244-A375-9503BE6EFB54}"
EndProject
Global
	GlobalSection(SolutionConfigurationPlatforms) = preSolution
		Debug|Any CPU = Debug|Any CPU
		Debug|ARM64 = Debug|ARM64
		Debug|x64 = Debug|x64
		Debug|x86 = Debug|x86
		Release|Any CPU = Release|Any CPU
		Release|ARM64 = Release|ARM64
		Release|x64 = Release|x64
		Release|x86 = Release|x86
	EndGlobalSection
	GlobalSection(ProjectConfigurationPlatforms) = postSolution
		{FB8E5BE4-FBC7-40DD-83DF-6AFDF55D6B79}.Debug|Any CPU.ActiveCfg = Debug|Any CPU
		{FB8E5BE4-FBC7-40DD-83DF-6AFDF55D6B79}.Debug|ARM64.ActiveCfg = Debug|Any CPU
		{FB8E5BE4-FBC7-40DD-83DF-6AFDF55D6B79}.Debug|ARM64.Build.0 = Debug|Any CPU
		{FB8E5BE4-FBC7-40DD-83DF-6AFDF55D6B79}.Debug|x64.ActiveCfg = Debug|Any CPU
		{FB8E5BE4-FBC7-40DD-83DF-6AFDF55D6B79}.Debug|x64.Build.0 = Debug|Any CPU
		{FB8E5BE4-FBC7-40DD-83DF-6AFDF55D6B79}.Debug|x86.ActiveCfg = Debug|Any CPU
		{FB8E5BE4-FBC7-40DD-83DF-6AFDF55D6B79}.Debug|x86.Build.0 = Debug|Any CPU
		{FB8E5BE4-FBC7-40DD-83DF-6AFDF55D6B79}.Release|Any CPU.ActiveCfg = Release|Any CPU
		{FB8E5BE4-FBC7-40DD-83DF-6AFDF55D6B79}.Release|Any CPU.Build.0 = Release|Any CPU
		{FB8E5BE4-FBC7-40DD-83DF-6AFDF55D6B79}.Release|ARM64.ActiveCfg = Release|Any CPU
		{FB8E5BE4-FBC7-40DD-83DF-6AFDF55D6B79}.Release|ARM64.Build.0 = Release|Any CPU
		{FB8E5BE4-FBC7-40DD-83DF-6AFDF55D6B79}.Release|x64.ActiveCfg = Release|Any CPU
		{FB8E5BE4-FBC7-40DD-83DF-6AFDF55D6B79}.Release|x64.Build.0 = Release|Any CPU
		{FB8E5BE4-FBC7-40DD-83DF-6AFDF55D6B79}.Release|x86.ActiveCfg = Release|Any CPU
		{FB8E5BE4-FBC7-40DD-83DF-6AFDF55D6B79}.Release|x86.Build.0 = Release|Any CPU
		{B0E20DA2-5DE0-4713-A3F5-4D9EBD68A878}.Debug|Any CPU.ActiveCfg = Debug|Any CPU
		{B0E20DA2-5DE0-4713-A3F5-4D9EBD68A878}.Debug|Any CPU.Build.0 = Debug|Any CPU
		{B0E20DA2-5DE0-4713-A3F5-4D9EBD68A878}.Debug|ARM64.ActiveCfg = Debug|Any CPU
		{B0E20DA2-5DE0-4713-A3F5-4D9EBD68A878}.Debug|ARM64.Build.0 = Debug|Any CPU
		{B0E20DA2-5DE0-4713-A3F5-4D9EBD68A878}.Debug|x64.ActiveCfg = Debug|Any CPU
		{B0E20DA2-5DE0-4713-A3F5-4D9EBD68A878}.Debug|x64.Build.0 = Debug|Any CPU
		{B0E20DA2-5DE0-4713-A3F5-4D9EBD68A878}.Debug|x86.ActiveCfg = Debug|Any CPU
		{B0E20DA2-5DE0-4713-A3F5-4D9EBD68A878}.Debug|x86.Build.0 = Debug|Any CPU
		{B0E20DA2-5DE0-4713-A3F5-4D9EBD68A878}.Release|Any CPU.ActiveCfg = Release|Any CPU
		{B0E20DA2-5DE0-4713-A3F5-4D9EBD68A878}.Release|Any CPU.Build.0 = Release|Any CPU
		{B0E20DA2-5DE0-4713-A3F5-4D9EBD68A878}.Release|ARM64.ActiveCfg = Release|Any CPU
		{B0E20DA2-5DE0-4713-A3F5-4D9EBD68A878}.Release|ARM64.Build.0 = Release|Any CPU
		{B0E20DA2-5DE0-4713-A3F5-4D9EBD68A878}.Release|x64.ActiveCfg = Release|Any CPU
		{B0E20DA2-5DE0-4713-A3F5-4D9EBD68A878}.Release|x64.Build.0 = Release|Any CPU
		{B0E20DA2-5DE0-4713-A3F5-4D9EBD68A878}.Release|x86.ActiveCfg = Release|Any CPU
		{B0E20DA2-5DE0-4713-A3F5-4D9EBD68A878}.Release|x86.Build.0 = Release|Any CPU
		{BE57A17A-1553-45B4-9911-6E9B67CED063}.Debug|Any CPU.ActiveCfg = Debug|Any CPU
		{BE57A17A-1553-45B4-9911-6E9B67CED063}.Debug|Any CPU.Build.0 = Debug|Any CPU
		{BE57A17A-1553-45B4-9911-6E9B67CED063}.Debug|ARM64.ActiveCfg = Debug|Any CPU
		{BE57A17A-1553-45B4-9911-6E9B67CED063}.Debug|ARM64.Build.0 = Debug|Any CPU
		{BE57A17A-1553-45B4-9911-6E9B67CED063}.Debug|x64.ActiveCfg = Debug|Any CPU
		{BE57A17A-1553-45B4-9911-6E9B67CED063}.Debug|x64.Build.0 = Debug|Any CPU
		{BE57A17A-1553-45B4-9911-6E9B67CED063}.Debug|x86.ActiveCfg = Debug|Any CPU
		{BE57A17A-1553-45B4-9911-6E9B67CED063}.Debug|x86.Build.0 = Debug|Any CPU
		{BE57A17A-1553-45B4-9911-6E9B67CED063}.Release|Any CPU.ActiveCfg = Release|Any CPU
		{BE57A17A-1553-45B4-9911-6E9B67CED063}.Release|Any CPU.Build.0 = Release|Any CPU
		{BE57A17A-1553-45B4-9911-6E9B67CED063}.Release|ARM64.ActiveCfg = Release|Any CPU
		{BE57A17A-1553-45B4-9911-6E9B67CED063}.Release|ARM64.Build.0 = Release|Any CPU
		{BE57A17A-1553-45B4-9911-6E9B67CED063}.Release|x64.ActiveCfg = Release|Any CPU
		{BE57A17A-1553-45B4-9911-6E9B67CED063}.Release|x64.Build.0 = Release|Any CPU
		{BE57A17A-1553-45B4-9911-6E9B67CED063}.Release|x86.ActiveCfg = Release|Any CPU
		{BE57A17A-1553-45B4-9911-6E9B67CED063}.Release|x86.Build.0 = Release|Any CPU
		{74C09861-B9C2-40D6-A413-AE3F53F9D9A9}.Debug|Any CPU.ActiveCfg = Debug|Any CPU
		{74C09861-B9C2-40D6-A413-AE3F53F9D9A9}.Debug|Any CPU.Build.0 = Debug|Any CPU
		{74C09861-B9C2-40D6-A413-AE3F53F9D9A9}.Debug|ARM64.ActiveCfg = Debug|Any CPU
		{74C09861-B9C2-40D6-A413-AE3F53F9D9A9}.Debug|ARM64.Build.0 = Debug|Any CPU
		{74C09861-B9C2-40D6-A413-AE3F53F9D9A9}.Debug|x64.ActiveCfg = Debug|Any CPU
		{74C09861-B9C2-40D6-A413-AE3F53F9D9A9}.Debug|x64.Build.0 = Debug|Any CPU
		{74C09861-B9C2-40D6-A413-AE3F53F9D9A9}.Debug|x86.ActiveCfg = Debug|Any CPU
		{74C09861-B9C2-40D6-A413-AE3F53F9D9A9}.Debug|x86.Build.0 = Debug|Any CPU
		{74C09861-B9C2-40D6-A413-AE3F53F9D9A9}.Release|Any CPU.ActiveCfg = Release|Any CPU
		{74C09861-B9C2-40D6-A413-AE3F53F9D9A9}.Release|Any CPU.Build.0 = Release|Any CPU
		{74C09861-B9C2-40D6-A413-AE3F53F9D9A9}.Release|ARM64.ActiveCfg = Release|Any CPU
		{74C09861-B9C2-40D6-A413-AE3F53F9D9A9}.Release|ARM64.Build.0 = Release|Any CPU
		{74C09861-B9C2-40D6-A413-AE3F53F9D9A9}.Release|x64.ActiveCfg = Release|Any CPU
		{74C09861-B9C2-40D6-A413-AE3F53F9D9A9}.Release|x64.Build.0 = Release|Any CPU
		{74C09861-B9C2-40D6-A413-AE3F53F9D9A9}.Release|x86.ActiveCfg = Release|Any CPU
		{74C09861-B9C2-40D6-A413-AE3F53F9D9A9}.Release|x86.Build.0 = Release|Any CPU
		{6B08B5B0-0B38-4244-A375-9503BE6EFB54}.Debug|Any CPU.ActiveCfg = Debug|Any CPU
		{6B08B5B0-0B38-4244-A375-9503BE6EFB54}.Debug|Any CPU.Build.0 = Debug|Any CPU
		{6B08B5B0-0B38-4244-A375-9503BE6EFB54}.Debug|ARM64.ActiveCfg = Debug|Any CPU
		{6B08B5B0-0B38-4244-A375-9503BE6EFB54}.Debug|ARM64.Build.0 = Debug|Any CPU
		{6B08B5B0-0B38-4244-A375-9503BE6EFB54}.Debug|x64.ActiveCfg = Debug|Any CPU
		{6B08B5B0-0B38-4244-A375-9503BE6EFB54}.Debug|x64.Build.0 = Debug|Any CPU
		{6B08B5B0-0B38-4244-A375-9503BE6EFB54}.Debug|x86.ActiveCfg = Debug|Any CPU
		{6B08B5B0-0B38-4244-A375-9503BE6EFB54}.Debug|x86.Build.0 = Debug|Any CPU
		{6B08B5B0-0B38-4244-A375-9503BE6EFB54}.Release|Any CPU.ActiveCfg = Release|Any CPU
		{6B08B5B0-0B38-4244-A375-9503BE6EFB54}.Release|Any CPU.Build.0 = Release|Any CPU
		{6B08B5B0-0B38-4244-A375-9503BE6EFB54}.Release|ARM64.ActiveCfg = Release|Any CPU
		{6B08B5B0-0B38-4244-A375-9503BE6EFB54}.Release|ARM64.Build.0 = Release|Any CPU
		{6B08B5B0-0B38-4244-A375-9503BE6EFB54}.Release|x64.ActiveCfg = Release|Any CPU
		{6B08B5B0-0B38-4244-A375-9503BE6EFB54}.Release|x64.Build.0 = Release|Any CPU
		{6B08B5B0-0B38-4244-A375-9503BE6EFB54}.Release|x86.ActiveCfg = Release|Any CPU
		{6B08B5B0-0B38-4244-A375-9503BE6EFB54}.Release|x86.Build.0 = Release|Any CPU
	EndGlobalSection
	GlobalSection(SolutionProperties) = preSolution
		HideSolutionNode = FALSE
	EndGlobalSection
	GlobalSection(ExtensibilityGlobals) = postSolution
		SolutionGuid = {78B27E43-D100-4E06-881E-E32C00FE2892}
	EndGlobalSection
EndGlobal
